// !$*UTF8*$!
{
	archiveVersion = 1;
	classes = {
	};
	objectVersion = 55;
	objects = {

/* Begin PBXBuildFile section */
		BC06E17328FC2E7F0081BD63 /* AppDelegate.swift in Sources */ = {isa = PBXBuildFile; fileRef = BC06E17228FC2E7F0081BD63 /* AppDelegate.swift */; };
		BC06E17528FC2E7F0081BD63 /* SceneDelegate.swift in Sources */ = {isa = PBXBuildFile; fileRef = BC06E17428FC2E7F0081BD63 /* SceneDelegate.swift */; };
		BC06E17728FC2E7F0081BD63 /* ViewController.swift in Sources */ = {isa = PBXBuildFile; fileRef = BC06E17628FC2E7F0081BD63 /* ViewController.swift */; };
		BC06E17A28FC2E7F0081BD63 /* Main.storyboard in Resources */ = {isa = PBXBuildFile; fileRef = BC06E17828FC2E7F0081BD63 /* Main.storyboard */; };
		BC06E17C28FC2E810081BD63 /* Assets.xcassets in Resources */ = {isa = PBXBuildFile; fileRef = BC06E17B28FC2E810081BD63 /* Assets.xcassets */; };
		BC06E17F28FC2E810081BD63 /* LaunchScreen.storyboard in Resources */ = {isa = PBXBuildFile; fileRef = BC06E17D28FC2E810081BD63 /* LaunchScreen.storyboard */; };
		BC06E18E28FC2F8C0081BD63 /* RickyMortyViewController.swift in Sources */ = {isa = PBXBuildFile; fileRef = BC06E18D28FC2F8C0081BD63 /* RickyMortyViewController.swift */; };
		BC06E19628FC358A0081BD63 /* SnapKit in Frameworks */ = {isa = PBXBuildFile; productRef = BC06E19528FC358A0081BD63 /* SnapKit */; };
		BC06E19828FC3B4F0081BD63 /* RickyMortyService.swift in Sources */ = {isa = PBXBuildFile; fileRef = BC06E19728FC3B4F0081BD63 /* RickyMortyService.swift */; };
		BC06E19A28FC3B760081BD63 /* RickyMortyModel.swift in Sources */ = {isa = PBXBuildFile; fileRef = BC06E19928FC3B760081BD63 /* RickyMortyModel.swift */; };
		BC06E19D28FC3F460081BD63 /* Alamofire in Frameworks */ = {isa = PBXBuildFile; productRef = BC06E19C28FC3F460081BD63 /* Alamofire */; };
		BC06E1A028FC3F770081BD63 /* AlamofireImage in Frameworks */ = {isa = PBXBuildFile; productRef = BC06E19F28FC3F770081BD63 /* AlamofireImage */; };
		BC06E1A228FC45F60081BD63 /* RickyMortyViewModel.swift in Sources */ = {isa = PBXBuildFile; fileRef = BC06E1A128FC45F60081BD63 /* RickyMortyViewModel.swift */; };
		BC06E1A528FC4F700081BD63 /* RickyMortyTableViewCell.swift in Sources */ = {isa = PBXBuildFile; fileRef = BC06E1A428FC4F700081BD63 /* RickyMortyTableViewCell.swift */; };
/* End PBXBuildFile section */

/* Begin PBXFileReference section */
		BC06E16F28FC2E7F0081BD63 /* RickAndMorty.app */ = {isa = PBXFileReference; explicitFileType = wrapper.application; includeInIndex = 0; path = RickAndMorty.app; sourceTree = BUILT_PRODUCTS_DIR; };
		BC06E17228FC2E7F0081BD63 /* AppDelegate.swift */ = {isa = PBXFileReference; lastKnownFileType = sourcecode.swift; path = AppDelegate.swift; sourceTree = "<group>"; };
		BC06E17428FC2E7F0081BD63 /* SceneDelegate.swift */ = {isa = PBXFileReference; lastKnownFileType = sourcecode.swift; path = SceneDelegate.swift; sourceTree = "<group>"; };
		BC06E17628FC2E7F0081BD63 /* ViewController.swift */ = {isa = PBXFileReference; lastKnownFileType = sourcecode.swift; path = ViewController.swift; sourceTree = "<group>"; };
		BC06E17928FC2E7F0081BD63 /* Base */ = {isa = PBXFileReference; lastKnownFileType = file.storyboard; name = Base; path = Base.lproj/Main.storyboard; sourceTree = "<group>"; };
		BC06E17B28FC2E810081BD63 /* Assets.xcassets */ = {isa = PBXFileReference; lastKnownFileType = folder.assetcatalog; path = Assets.xcassets; sourceTree = "<group>"; };
		BC06E17E28FC2E810081BD63 /* Base */ = {isa = PBXFileReference; lastKnownFileType = file.storyboard; name = Base; path = Base.lproj/LaunchScreen.storyboard; sourceTree = "<group>"; };
		BC06E18028FC2E810081BD63 /* Info.plist */ = {isa = PBXFileReference; lastKnownFileType = text.plist.xml; path = Info.plist; sourceTree = "<group>"; };
		BC06E18D28FC2F8C0081BD63 /* RickyMortyViewController.swift */ = {isa = PBXFileReference; lastKnownFileType = sourcecode.swift; path = RickyMortyViewController.swift; sourceTree = "<group>"; };
		BC06E19728FC3B4F0081BD63 /* RickyMortyService.swift */ = {isa = PBXFileReference; lastKnownFileType = sourcecode.swift; path = RickyMortyService.swift; sourceTree = "<group>"; };
		BC06E19928FC3B760081BD63 /* RickyMortyModel.swift */ = {isa = PBXFileReference; lastKnownFileType = sourcecode.swift; path = RickyMortyModel.swift; sourceTree = "<group>"; };
		BC06E1A128FC45F60081BD63 /* RickyMortyViewModel.swift */ = {isa = PBXFileReference; lastKnownFileType = sourcecode.swift; path = RickyMortyViewModel.swift; sourceTree = "<group>"; };
		BC06E1A428FC4F700081BD63 /* RickyMortyTableViewCell.swift */ = {isa = PBXFileReference; lastKnownFileType = sourcecode.swift; path = RickyMortyTableViewCell.swift; sourceTree = "<group>"; };
/* End PBXFileReference section */

/* Begin PBXFrameworksBuildPhase section */
		BC06E16C28FC2E7F0081BD63 /* Frameworks */ = {
			isa = PBXFrameworksBuildPhase;
			buildActionMask = 2147483647;
			files = (
				BC06E19628FC358A0081BD63 /* SnapKit in Frameworks */,
				BC06E19D28FC3F460081BD63 /* Alamofire in Frameworks */,
				BC06E1A028FC3F770081BD63 /* AlamofireImage in Frameworks */,
			);
			runOnlyForDeploymentPostprocessing = 0;
		};
/* End PBXFrameworksBuildPhase section */

/* Begin PBXGroup section */
		BC06E16628FC2E7F0081BD63 = {
			isa = PBXGroup;
			children = (
				BC06E17128FC2E7F0081BD63 /* RickAndMorty */,
				BC06E17028FC2E7F0081BD63 /* Products */,
			);
			sourceTree = "<group>";
		};
		BC06E17028FC2E7F0081BD63 /* Products */ = {
			isa = PBXGroup;
			children = (
				BC06E16F28FC2E7F0081BD63 /* RickAndMorty.app */,
			);
			name = Products;
			sourceTree = "<group>";
		};
		BC06E17128FC2E7F0081BD63 /* RickAndMorty */ = {
			isa = PBXGroup;
			children = (
				BC06E18728FC2EC40081BD63 /* Features */,
				BC06E18628FC2EB60081BD63 /* Core */,
				BC06E17D28FC2E810081BD63 /* LaunchScreen.storyboard */,
				BC06E18028FC2E810081BD63 /* Info.plist */,
			);
			path = RickAndMorty;
			sourceTree = "<group>";
		};
		BC06E18628FC2EB60081BD63 /* Core */ = {
			isa = PBXGroup;
			children = (
				BC06E17228FC2E7F0081BD63 /* AppDelegate.swift */,
				BC06E17428FC2E7F0081BD63 /* SceneDelegate.swift */,
				BC06E17628FC2E7F0081BD63 /* ViewController.swift */,
				BC06E17828FC2E7F0081BD63 /* Main.storyboard */,
				BC06E17B28FC2E810081BD63 /* Assets.xcassets */,
			);
			path = Core;
			sourceTree = "<group>";
		};
		BC06E18728FC2EC40081BD63 /* Features */ = {
			isa = PBXGroup;
			children = (
				BC06E18828FC2F120081BD63 /* RickAndMorty */,
			);
			path = Features;
			sourceTree = "<group>";
		};
		BC06E18828FC2F120081BD63 /* RickAndMorty */ = {
			isa = PBXGroup;
			children = (
				BC06E18C28FC2F3A0081BD63 /* Service */,
				BC06E18B28FC2F320081BD63 /* Model */,
				BC06E18A28FC2F2B0081BD63 /* ViewModel */,
				BC06E18928FC2F1B0081BD63 /* View */,
			);
			path = RickAndMorty;
			sourceTree = "<group>";
		};
		BC06E18928FC2F1B0081BD63 /* View */ = {
			isa = PBXGroup;
			children = (
				BC06E1A328FC4F4C0081BD63 /* TableViewCell */,
				BC06E18D28FC2F8C0081BD63 /* RickyMortyViewController.swift */,
			);
			path = View;
			sourceTree = "<group>";
		};
		BC06E18A28FC2F2B0081BD63 /* ViewModel */ = {
			isa = PBXGroup;
			children = (
				BC06E1A128FC45F60081BD63 /* RickyMortyViewModel.swift */,
			);
			path = ViewModel;
			sourceTree = "<group>";
		};
		BC06E18B28FC2F320081BD63 /* Model */ = {
			isa = PBXGroup;
			children = (
				BC06E19928FC3B760081BD63 /* RickyMortyModel.swift */,
			);
			path = Model;
			sourceTree = "<group>";
		};
		BC06E18C28FC2F3A0081BD63 /* Service */ = {
			isa = PBXGroup;
			children = (
				BC06E19728FC3B4F0081BD63 /* RickyMortyService.swift */,
			);
			path = Service;
			sourceTree = "<group>";
		};
		BC06E1A328FC4F4C0081BD63 /* TableViewCell */ = {
			isa = PBXGroup;
			children = (
				BC06E1A428FC4F700081BD63 /* RickyMortyTableViewCell.swift */,
			);
			path = TableViewCell;
			sourceTree = "<group>";
		};
/* End PBXGroup section */

/* Begin PBXNativeTarget section */
		BC06E16E28FC2E7F0081BD63 /* RickAndMorty */ = {
			isa = PBXNativeTarget;
			buildConfigurationList = BC06E18328FC2E810081BD63 /* Build configuration list for PBXNativeTarget "RickAndMorty" */;
			buildPhases = (
				BC06E16B28FC2E7F0081BD63 /* Sources */,
				BC06E16C28FC2E7F0081BD63 /* Frameworks */,
				BC06E16D28FC2E7F0081BD63 /* Resources */,
			);
			buildRules = (
			);
			dependencies = (
			);
			name = RickAndMorty;
			packageProductDependencies = (
				BC06E19528FC358A0081BD63 /* SnapKit */,
				BC06E19C28FC3F460081BD63 /* Alamofire */,
				BC06E19F28FC3F770081BD63 /* AlamofireImage */,
			);
			productName = RickAndMorty;
			productReference = BC06E16F28FC2E7F0081BD63 /* RickAndMorty.app */;
			productType = "com.apple.product-type.application";
		};
/* End PBXNativeTarget section */

/* Begin PBXProject section */
		BC06E16728FC2E7F0081BD63 /* Project object */ = {
			isa = PBXProject;
			attributes = {
				BuildIndependentTargetsInParallel = 1;
				LastSwiftUpdateCheck = 1340;
				LastUpgradeCheck = 1340;
				TargetAttributes = {
					BC06E16E28FC2E7F0081BD63 = {
						CreatedOnToolsVersion = 13.4.1;
					};
				};
			};
			buildConfigurationList = BC06E16A28FC2E7F0081BD63 /* Build configuration list for PBXProject "RickAndMorty" */;
			compatibilityVersion = "Xcode 13.0";
			developmentRegion = en;
			hasScannedForEncodings = 0;
			knownRegions = (
				en,
				Base,
			);
			mainGroup = BC06E16628FC2E7F0081BD63;
			packageReferences = (
				BC06E19428FC358A0081BD63 /* XCRemoteSwiftPackageReference "SnapKit" */,
				BC06E19B28FC3F460081BD63 /* XCRemoteSwiftPackageReference "Alamofire" */,
				BC06E19E28FC3F770081BD63 /* XCRemoteSwiftPackageReference "AlamofireImage" */,
			);
			productRefGroup = BC06E17028FC2E7F0081BD63 /* Products */;
			projectDirPath = "";
			projectRoot = "";
			targets = (
				BC06E16E28FC2E7F0081BD63 /* RickAndMorty */,
			);
		};
/* End PBXProject section */

/* Begin PBXResourcesBuildPhase section */
		BC06E16D28FC2E7F0081BD63 /* Resources */ = {
			isa = PBXResourcesBuildPhase;
			buildActionMask = 2147483647;
			files = (
				BC06E17F28FC2E810081BD63 /* LaunchScreen.storyboard in Resources */,
				BC06E17C28FC2E810081BD63 /* Assets.xcassets in Resources */,
				BC06E17A28FC2E7F0081BD63 /* Main.storyboard in Resources */,
			);
			runOnlyForDeploymentPostprocessing = 0;
		};
/* End PBXResourcesBuildPhase section */

/* Begin PBXSourcesBuildPhase section */
		BC06E16B28FC2E7F0081BD63 /* Sources */ = {
			isa = PBXSourcesBuildPhase;
			buildActionMask = 2147483647;
			files = (
				BC06E1A528FC4F700081BD63 /* RickyMortyTableViewCell.swift in Sources */,
				BC06E1A228FC45F60081BD63 /* RickyMortyViewModel.swift in Sources */,
				BC06E19A28FC3B760081BD63 /* RickyMortyModel.swift in Sources */,
				BC06E17728FC2E7F0081BD63 /* ViewController.swift in Sources */,
				BC06E18E28FC2F8C0081BD63 /* RickyMortyViewController.swift in Sources */,
				BC06E17328FC2E7F0081BD63 /* AppDelegate.swift in Sources */,
				BC06E17528FC2E7F0081BD63 /* SceneDelegate.swift in Sources */,
				BC06E19828FC3B4F0081BD63 /* RickyMortyService.swift in Sources */,
			);
			runOnlyForDeploymentPostprocessing = 0;
		};
/* End PBXSourcesBuildPhase section */

/* Begin PBXVariantGroup section */
		BC06E17828FC2E7F0081BD63 /* Main.storyboard */ = {
			isa = PBXVariantGroup;
			children = (
				BC06E17928FC2E7F0081BD63 /* Base */,
			);
			name = Main.storyboard;
			sourceTree = "<group>";
		};
		BC06E17D28FC2E810081BD63 /* LaunchScreen.storyboard */ = {
			isa = PBXVariantGroup;
			children = (
				BC06E17E28FC2E810081BD63 /* Base */,
			);
			name = LaunchScreen.storyboard;
			sourceTree = "<group>";
		};
/* End PBXVariantGroup section */

/* Begin XCBuildConfiguration section */
		BC06E18128FC2E810081BD63 /* Debug */ = {
			isa = XCBuildConfiguration;
			buildSettings = {
				ALWAYS_SEARCH_USER_PATHS = NO;
				CLANG_ANALYZER_NONNULL = YES;
				CLANG_ANALYZER_NUMBER_OBJECT_CONVERSION = YES_AGGRESSIVE;
				CLANG_CXX_LANGUAGE_STANDARD = "gnu++17";
				CLANG_ENABLE_MODULES = YES;
				CLANG_ENABLE_OBJC_ARC = YES;
				CLANG_ENABLE_OBJC_WEAK = YES;
				CLANG_WARN_BLOCK_CAPTURE_AUTORELEASING = YES;
				CLANG_WARN_BOOL_CONVERSION = YES;
				CLANG_WARN_COMMA = YES;
				CLANG_WARN_CONSTANT_CONVERSION = YES;
				CLANG_WARN_DEPRECATED_OBJC_IMPLEMENTATIONS = YES;
				CLANG_WARN_DIRECT_OBJC_ISA_USAGE = YES_ERROR;
				CLANG_WARN_DOCUMENTATION_COMMENTS = YES;
				CLANG_WARN_EMPTY_BODY = YES;
				CLANG_WARN_ENUM_CONVERSION = YES;
				CLANG_WARN_INFINITE_RECURSION = YES;
				CLANG_WARN_INT_CONVERSION = YES;
				CLANG_WARN_NON_LITERAL_NULL_CONVERSION = YES;
				CLANG_WARN_OBJC_IMPLICIT_RETAIN_SELF = YES;
				CLANG_WARN_OBJC_LITERAL_CONVERSION = YES;
				CLANG_WARN_OBJC_ROOT_CLASS = YES_ERROR;
				CLANG_WARN_QUOTED_INCLUDE_IN_FRAMEWORK_HEADER = YES;
				CLANG_WARN_RANGE_LOOP_ANALYSIS = YES;
				CLANG_WARN_STRICT_PROTOTYPES = YES;
				CLANG_WARN_SUSPICIOUS_MOVE = YES;
				CLANG_WARN_UNGUARDED_AVAILABILITY = YES_AGGRESSIVE;
				CLANG_WARN_UNREACHABLE_CODE = YES;
				CLANG_WARN__DUPLICATE_METHOD_MATCH = YES;
				COPY_PHASE_STRIP = NO;
				DEBUG_INFORMATION_FORMAT = dwarf;
				ENABLE_STRICT_OBJC_MSGSEND = YES;
				ENABLE_TESTABILITY = YES;
				GCC_C_LANGUAGE_STANDARD = gnu11;
				GCC_DYNAMIC_NO_PIC = NO;
				GCC_NO_COMMON_BLOCKS = YES;
				GCC_OPTIMIZATION_LEVEL = 0;
				GCC_PREPROCESSOR_DEFINITIONS = (
					"DEBUG=1",
					"$(inherited)",
				);
				GCC_WARN_64_TO_32_BIT_CONVERSION = YES;
				GCC_WARN_ABOUT_RETURN_TYPE = YES_ERROR;
				GCC_WARN_UNDECLARED_SELECTOR = YES;
				GCC_WARN_UNINITIALIZED_AUTOS = YES_AGGRESSIVE;
				GCC_WARN_UNUSED_FUNCTION = YES;
				GCC_WARN_UNUSED_VARIABLE = YES;
				IPHONEOS_DEPLOYMENT_TARGET = 15.5;
				MTL_ENABLE_DEBUG_INFO = INCLUDE_SOURCE;
				MTL_FAST_MATH = YES;
				ONLY_ACTIVE_ARCH = YES;
				SDKROOT = iphoneos;
				SWIFT_ACTIVE_COMPILATION_CONDITIONS = DEBUG;
				SWIFT_OPTIMIZATION_LEVEL = "-Onone";
			};
			name = Debug;
		};
		BC06E18228FC2E810081BD63 /* Release */ = {
			isa = XCBuildConfiguration;
			buildSettings = {
				ALWAYS_SEARCH_USER_PATHS = NO;
				CLANG_ANALYZER_NONNULL = YES;
				CLANG_ANALYZER_NUMBER_OBJECT_CONVERSION = YES_AGGRESSIVE;
				CLANG_CXX_LANGUAGE_STANDARD = "gnu++17";
				CLANG_ENABLE_MODULES = YES;
				CLANG_ENABLE_OBJC_ARC = YES;
				CLANG_ENABLE_OBJC_WEAK = YES;
				CLANG_WARN_BLOCK_CAPTURE_AUTORELEASING = YES;
				CLANG_WARN_BOOL_CONVERSION = YES;
				CLANG_WARN_COMMA = YES;
				CLANG_WARN_CONSTANT_CONVERSION = YES;
				CLANG_WARN_DEPRECATED_OBJC_IMPLEMENTATIONS = YES;
				CLANG_WARN_DIRECT_OBJC_ISA_USAGE = YES_ERROR;
				CLANG_WARN_DOCUMENTATION_COMMENTS = YES;
				CLANG_WARN_EMPTY_BODY = YES;
				CLANG_WARN_ENUM_CONVERSION = YES;
				CLANG_WARN_INFINITE_RECURSION = YES;
				CLANG_WARN_INT_CONVERSION = YES;
				CLANG_WARN_NON_LITERAL_NULL_CONVERSION = YES;
				CLANG_WARN_OBJC_IMPLICIT_RETAIN_SELF = YES;
				CLANG_WARN_OBJC_LITERAL_CONVERSION = YES;
				CLANG_WARN_OBJC_ROOT_CLASS = YES_ERROR;
				CLANG_WARN_QUOTED_INCLUDE_IN_FRAMEWORK_HEADER = YES;
				CLANG_WARN_RANGE_LOOP_ANALYSIS = YES;
				CLANG_WARN_STRICT_PROTOTYPES = YES;
				CLANG_WARN_SUSPICIOUS_MOVE = YES;
				CLANG_WARN_UNGUARDED_AVAILABILITY = YES_AGGRESSIVE;
				CLANG_WARN_UNREACHABLE_CODE = YES;
				CLANG_WARN__DUPLICATE_METHOD_MATCH = YES;
				COPY_PHASE_STRIP = NO;
				DEBUG_INFORMATION_FORMAT = "dwarf-with-dsym";
				ENABLE_NS_ASSERTIONS = NO;
				ENABLE_STRICT_OBJC_MSGSEND = YES;
				GCC_C_LANGUAGE_STANDARD = gnu11;
				GCC_NO_COMMON_BLOCKS = YES;
				GCC_WARN_64_TO_32_BIT_CONVERSION = YES;
				GCC_WARN_ABOUT_RETURN_TYPE = YES_ERROR;
				GCC_WARN_UNDECLARED_SELECTOR = YES;
				GCC_WARN_UNINITIALIZED_AUTOS = YES_AGGRESSIVE;
				GCC_WARN_UNUSED_FUNCTION = YES;
				GCC_WARN_UNUSED_VARIABLE = YES;
				IPHONEOS_DEPLOYMENT_TARGET = 15.5;
				MTL_ENABLE_DEBUG_INFO = NO;
				MTL_FAST_MATH = YES;
				SDKROOT = iphoneos;
				SWIFT_COMPILATION_MODE = wholemodule;
				SWIFT_OPTIMIZATION_LEVEL = "-O";
				VALIDATE_PRODUCT = YES;
			};
			name = Release;
		};
		BC06E18428FC2E810081BD63 /* Debug */ = {
			isa = XCBuildConfiguration;
			buildSettings = {
				ASSETCATALOG_COMPILER_APPICON_NAME = AppIcon;
				ASSETCATALOG_COMPILER_GLOBAL_ACCENT_COLOR_NAME = AccentColor;
				CODE_SIGN_STYLE = Automatic;
				CURRENT_PROJECT_VERSION = 1;
				DEVELOPMENT_TEAM = P9S2GDHP9Y;
				GENERATE_INFOPLIST_FILE = YES;
				INFOPLIST_FILE = RickAndMorty/Info.plist;
				INFOPLIST_KEY_UIApplicationSupportsIndirectInputEvents = YES;
				INFOPLIST_KEY_UILaunchStoryboardName = LaunchScreen;
				INFOPLIST_KEY_UIMainStoryboardFile = Main;
				INFOPLIST_KEY_UISupportedInterfaceOrientations_iPad = "UIInterfaceOrientationPortrait UIInterfaceOrientationPortraitUpsideDown UIInterfaceOrientationLandscapeLeft UIInterfaceOrientationLandscapeRight";
				INFOPLIST_KEY_UISupportedInterfaceOrientations_iPhone = "UIInterfaceOrientationPortrait UIInterfaceOrientationLandscapeLeft UIInterfaceOrientationLandscapeRight";
				LD_RUNPATH_SEARCH_PATHS = (
					"$(inherited)",
					"@executable_path/Frameworks",
				);
				MARKETING_VERSION = 1.0;
				PRODUCT_BUNDLE_IDENTIFIER = com.talha.RickAndMorty;
				PRODUCT_NAME = "$(TARGET_NAME)";
				SWIFT_EMIT_LOC_STRINGS = YES;
				SWIFT_VERSION = 5.0;
				TARGETED_DEVICE_FAMILY = "1,2";
			};
			name = Debug;
		};
		BC06E18528FC2E810081BD63 /* Release */ = {
			isa = XCBuildConfiguration;
			buildSettings = {
				ASSETCATALOG_COMPILER_APPICON_NAME = AppIcon;
				ASSETCATALOG_COMPILER_GLOBAL_ACCENT_COLOR_NAME = AccentColor;
				CODE_SIGN_STYLE = Automatic;
				CURRENT_PROJECT_VERSION = 1;
				DEVELOPMENT_TEAM = P9S2GDHP9Y;
				GENERATE_INFOPLIST_FILE = YES;
				INFOPLIST_FILE = RickAndMorty/Info.plist;
				INFOPLIST_KEY_UIApplicationSupportsIndirectInputEvents = YES;
				INFOPLIST_KEY_UILaunchStoryboardName = LaunchScreen;
				INFOPLIST_KEY_UIMainStoryboardFile = Main;
				INFOPLIST_KEY_UISupportedInterfaceOrientations_iPad = "UIInterfaceOrientationPortrait UIInterfaceOrientationPortraitUpsideDown UIInterfaceOrientationLandscapeLeft UIInterfaceOrientationLandscapeRight";
				INFOPLIST_KEY_UISupportedInterfaceOrientations_iPhone = "UIInterfaceOrientationPortrait UIInterfaceOrientationLandscapeLeft UIInterfaceOrientationLandscapeRight";
				LD_RUNPATH_SEARCH_PATHS = (
					"$(inherited)",
					"@executable_path/Frameworks",
				);
				MARKETING_VERSION = 1.0;
				PRODUCT_BUNDLE_IDENTIFIER = com.talha.RickAndMorty;
				PRODUCT_NAME = "$(TARGET_NAME)";
				SWIFT_EMIT_LOC_STRINGS = YES;
				SWIFT_VERSION = 5.0;
				TARGETED_DEVICE_FAMILY = "1,2";
			};
			name = Release;
		};
/* End XCBuildConfiguration section */

/* Begin XCConfigurationList section */
		BC06E16A28FC2E7F0081BD63 /* Build configuration list for PBXProject "RickAndMorty" */ = {
			isa = XCConfigurationList;
			buildConfigurations = (
				BC06E18128FC2E810081BD63 /* Debug */,
				BC06E18228FC2E810081BD63 /* Release */,
			);
			defaultConfigurationIsVisible = 0;
			defaultConfigurationName = Release;
		};
		BC06E18328FC2E810081BD63 /* Build configuration list for PBXNativeTarget "RickAndMorty" */ = {
			isa = XCConfigurationList;
			buildConfigurations = (
				BC06E18428FC2E810081BD63 /* Debug */,
				BC06E18528FC2E810081BD63 /* Release */,
			);
			defaultConfigurationIsVisible = 0;
			defaultConfigurationName = Release;
		};
/* End XCConfigurationList section */

/* Begin XCRemoteSwiftPackageReference section */
		BC06E19428FC358A0081BD63 /* XCRemoteSwiftPackageReference "SnapKit" */ = {
			isa = XCRemoteSwiftPackageReference;
			repositoryURL = "https://github.com/SnapKit/SnapKit.git";
			requirement = {
				branch = develop;
				kind = branch;
			};
		};
		BC06E19B28FC3F460081BD63 /* XCRemoteSwiftPackageReference "Alamofire" */ = {
			isa = XCRemoteSwiftPackageReference;
			repositoryURL = "https://github.com/Alamofire/Alamofire.git";
			requirement = {
				kind = upToNextMajorVersion;
				minimumVersion = 5.0.0;
			};
		};
		BC06E19E28FC3F770081BD63 /* XCRemoteSwiftPackageReference "AlamofireImage" */ = {
			isa = XCRemoteSwiftPackageReference;
			repositoryURL = "https://github.com/Alamofire/AlamofireImage.git";
			requirement = {
				kind = upToNextMajorVersion;
				minimumVersion = 4.0.0;
			};
		};
/* End XCRemoteSwiftPackageReference section */

/* Begin XCSwiftPackageProductDependency section */
		BC06E19528FC358A0081BD63 /* SnapKit */ = {
			isa = XCSwiftPackageProductDependency;
			package = BC06E19428FC358A0081BD63 /* XCRemoteSwiftPackageReference "SnapKit" */;
			productName = SnapKit;
		};
		BC06E19C28FC3F460081BD63 /* Alamofire */ = {
			isa = XCSwiftPackageProductDependency;
			package = BC06E19B28FC3F460081BD63 /* XCRemoteSwiftPackageReference "Alamofire" */;
			productName = Alamofire;
		};
		BC06E19F28FC3F770081BD63 /* AlamofireImage */ = {
			isa = XCSwiftPackageProductDependency;
			package = BC06E19E28FC3F770081BD63 /* XCRemoteSwiftPackageReference "AlamofireImage" */;
			productName = AlamofireImage;
		};
/* End XCSwiftPackageProductDependency section */
	};
	rootObject = BC06E16728FC2E7F0081BD63 /* Project object */;
}
